{
  "lockfile_version": "1",
  "packages": {
    "_1password-cli@2.30.3": {
      "last_modified": "2025-03-11T17:52:14Z",
      "resolved": "github:NixOS/nixpkgs/0d534853a55b5d02a4ababa1d71921ce8f0aee4c#_1password-cli",
      "source": "devbox-search",
      "version": "2.30.3",
      "systems": {
        "aarch64-darwin": {
          "outputs": [
            {
              "name": "out",
              "path": "/nix/store/n0jgflq9hkylgfvxfrc9ris4lgbza738-1password-cli-2.30.3",
              "default": true
            }
          ],
          "store_path": "/nix/store/n0jgflq9hkylgfvxfrc9ris4lgbza738-1password-cli-2.30.3"
        },
        "aarch64-linux": {
          "outputs": [
            {
              "name": "out",
              "path": "/nix/store/w2qm1zj4hip9xijsnvjin2fiwqx4kdz9-1password-cli-2.30.3",
              "default": true
            }
          ],
          "store_path": "/nix/store/w2qm1zj4hip9xijsnvjin2fiwqx4kdz9-1password-cli-2.30.3"
        },
        "x86_64-darwin": {
          "outputs": [
            {
              "name": "out",
              "path": "/nix/store/c00fjp4hykbgy2ddpqg8rgpc3k1mjc3z-1password-cli-2.30.3",
              "default": true
            }
          ],
          "store_path": "/nix/store/c00fjp4hykbgy2ddpqg8rgpc3k1mjc3z-1password-cli-2.30.3"
        },
        "x86_64-linux": {
          "outputs": [
            {
              "name": "out",
              "path": "/nix/store/dl9afsjn3qqzdd90k15l4qvkrqyca08y-1password-cli-2.30.3",
              "default": true
            }
          ],
          "store_path": "/nix/store/dl9afsjn3qqzdd90k15l4qvkrqyca08y-1password-cli-2.30.3"
        }
      }
    },
    "cobra-cli@latest": {
      "last_modified": "2025-03-11T17:52:14Z",
      "resolved": "github:NixOS/nixpkgs/0d534853a55b5d02a4ababa1d71921ce8f0aee4c#cobra-cli",
      "source": "devbox-search",
      "version": "1.3.0",
      "systems": {
        "aarch64-darwin": {
          "outputs": [
            {
              "name": "out",
              "path": "/nix/store/1idnwcl99qkdyb54wng9c2apz4y8bjrm-cobra-cli-1.3.0",
              "default": true
            }
          ],
          "store_path": "/nix/store/1idnwcl99qkdyb54wng9c2apz4y8bjrm-cobra-cli-1.3.0"
        },
        "aarch64-linux": {
          "outputs": [
            {
              "name": "out",
              "path": "/nix/store/kr7b6jsdk6q3jnkbyg2f5ig4zsrj2hfn-cobra-cli-1.3.0",
              "default": true
            }
          ],
          "store_path": "/nix/store/kr7b6jsdk6q3jnkbyg2f5ig4zsrj2hfn-cobra-cli-1.3.0"
        },
        "x86_64-darwin": {
          "outputs": [
            {
              "name": "out",
              "path": "/nix/store/vf19944sk58x4ln45cw912j93ixj0vyg-cobra-cli-1.3.0",
              "default": true
            }
          ],
          "store_path": "/nix/store/vf19944sk58x4ln45cw912j93ixj0vyg-cobra-cli-1.3.0"
        },
        "x86_64-linux": {
          "outputs": [
            {
              "name": "out",
              "path": "/nix/store/mk8sb15jfwgh1d7cz5bpl4pb0wvwv5ba-cobra-cli-1.3.0",
              "default": true
            }
          ],
          "store_path": "/nix/store/mk8sb15jfwgh1d7cz5bpl4pb0wvwv5ba-cobra-cli-1.3.0"
        }
      }
    },
    "github:NixOS/nixpkgs/nixpkgs-unstable": {
      "resolved": "github:NixOS/nixpkgs/573c650e8a14b2faa0041645ab18aed7e60f0c9a?lastModified=1741865919&narHash=sha256-4thdbnP6dlbdq%2BqZWTsm4ffAwoS8Tiq1YResB%2BRP6WE%3D"
    },
    "go@1.24.0": {
      "last_modified": "2025-02-12T00:10:52Z",
      "resolved": "github:NixOS/nixpkgs/83a2581c81ff5b06f7c1a4e7cc736a455dfcf7b4#go_1_24",
      "source": "devbox-search",
      "version": "1.24.0",
      "systems": {
        "aarch64-darwin": {
          "outputs": [
            {
              "name": "out",
              "path": "/nix/store/qldcnifalkvyah0wnv7m4zb854yd9l88-go-1.24.0",
              "default": true
            }
          ],
          "store_path": "/nix/store/qldcnifalkvyah0wnv7m4zb854yd9l88-go-1.24.0"
        },
        "aarch64-linux": {
          "outputs": [
            {
              "name": "out",
              "path": "/nix/store/rrxgml7w4pfmibjbspkdvrw8vd2vnarb-go-1.24.0",
              "default": true
            }
          ],
          "store_path": "/nix/store/rrxgml7w4pfmibjbspkdvrw8vd2vnarb-go-1.24.0"
        },
        "x86_64-darwin": {
          "outputs": [
            {
              "name": "out",
              "path": "/nix/store/7imv22pl4qrjwvi6jzlfb305rc2min45-go-1.24.0",
              "default": true
            }
          ],
          "store_path": "/nix/store/7imv22pl4qrjwvi6jzlfb305rc2min45-go-1.24.0"
        },
        "x86_64-linux": {
          "outputs": [
            {
              "name": "out",
              "path": "/nix/store/vh5d5bj1sljdhdypy80x1ydx2jx6rv2q-go-1.24.0",
              "default": true
            }
          ],
          "store_path": "/nix/store/vh5d5bj1sljdhdypy80x1ydx2jx6rv2q-go-1.24.0"
        }
      }
    }
  }
}
